// !$*UTF8*$!
{
	archiveVersion = 1;
	classes = {
	};
	objectVersion = 50;
	objects = {

/* Begin PBXBuildFile section */
		FA1029DC24C1A1D000672DB3 /* EventListViewController.swift in Sources */ = {isa = PBXBuildFile; fileRef = FA1029DB24C1A1D000672DB3 /* EventListViewController.swift */; };
		FA1029DE24C1A5C700672DB3 /* Colors.swift in Sources */ = {isa = PBXBuildFile; fileRef = FA1029DD24C1A5C700672DB3 /* Colors.swift */; };
		FA804311249A2D2600D85108 /* AppDelegate.swift in Sources */ = {isa = PBXBuildFile; fileRef = FA804310249A2D2600D85108 /* AppDelegate.swift */; };
		FA804313249A2D2600D85108 /* SceneDelegate.swift in Sources */ = {isa = PBXBuildFile; fileRef = FA804312249A2D2600D85108 /* SceneDelegate.swift */; };
		FA804315249A2D2600D85108 /* ViewController.swift in Sources */ = {isa = PBXBuildFile; fileRef = FA804314249A2D2600D85108 /* ViewController.swift */; };
		FA804318249A2D2600D85108 /* Main.storyboard in Resources */ = {isa = PBXBuildFile; fileRef = FA804316249A2D2600D85108 /* Main.storyboard */; };
		FA80431A249A2D2B00D85108 /* Assets.xcassets in Resources */ = {isa = PBXBuildFile; fileRef = FA804319249A2D2B00D85108 /* Assets.xcassets */; };
		FA80431D249A2D2B00D85108 /* LaunchScreen.storyboard in Resources */ = {isa = PBXBuildFile; fileRef = FA80431B249A2D2B00D85108 /* LaunchScreen.storyboard */; };
		FA804325249A2FF600D85108 /* AppCoordinator.swift in Sources */ = {isa = PBXBuildFile; fileRef = FA804324249A2FF600D85108 /* AppCoordinator.swift */; };
		FA804327249A39DB00D85108 /* EventListCoordinator.swift in Sources */ = {isa = PBXBuildFile; fileRef = FA804326249A39DB00D85108 /* EventListCoordinator.swift */; };
		FA8E29CB24C1C531009CEF21 /* EventListViewModel.swift in Sources */ = {isa = PBXBuildFile; fileRef = FA8E29CA24C1C531009CEF21 /* EventListViewModel.swift */; };
		FA8E29CD24C1CD10009CEF21 /* AddEventCoordinator.swift in Sources */ = {isa = PBXBuildFile; fileRef = FA8E29CC24C1CD10009CEF21 /* AddEventCoordinator.swift */; };
		FA8E29CF24C1CFC6009CEF21 /* AddEventViewController.swift in Sources */ = {isa = PBXBuildFile; fileRef = FA8E29CE24C1CFC6009CEF21 /* AddEventViewController.swift */; };
		FA8E29D124C1D18C009CEF21 /* UiViewControllerExtension.swift in Sources */ = {isa = PBXBuildFile; fileRef = FA8E29D024C1D18C009CEF21 /* UiViewControllerExtension.swift */; };
		FA8E29D324C1D3A7009CEF21 /* AddEventViewModel.swift in Sources */ = {isa = PBXBuildFile; fileRef = FA8E29D224C1D3A7009CEF21 /* AddEventViewModel.swift */; };
		FA8E29D524C1E656009CEF21 /* TitleSubtitleViewModel.swift in Sources */ = {isa = PBXBuildFile; fileRef = FA8E29D424C1E656009CEF21 /* TitleSubtitleViewModel.swift */; };
		FA8E29D824C1E70A009CEF21 /* TitleSubtitleCell.swift in Sources */ = {isa = PBXBuildFile; fileRef = FA8E29D724C1E70A009CEF21 /* TitleSubtitleCell.swift */; };
		FAA0E9E424C1AF20004EF1FF /* EventsApp.xcdatamodeld in Sources */ = {isa = PBXBuildFile; fileRef = FAA0E9E224C1AF20004EF1FF /* EventsApp.xcdatamodeld */; };
		FAA0E9E624C1AFC2004EF1FF /* CoreDataManager.swift in Sources */ = {isa = PBXBuildFile; fileRef = FAA0E9E524C1AFC2004EF1FF /* CoreDataManager.swift */; };
		FAD3FEF224C7340C008008EC /* ImagePickerCoordinator.swift in Sources */ = {isa = PBXBuildFile; fileRef = FAD3FEF124C7340C008008EC /* ImagePickerCoordinator.swift */; };
		FAD3FEF424C85121008008EC /* EventsCellBuilder.swift in Sources */ = {isa = PBXBuildFile; fileRef = FAD3FEF324C85121008008EC /* EventsCellBuilder.swift */; };
		FAD3FEF624C86788008008EC /* EventCellViewModel.swift in Sources */ = {isa = PBXBuildFile; fileRef = FAD3FEF524C86788008008EC /* EventCellViewModel.swift */; };
		FAD3FEF824C86A86008008EC /* EventCell.swift in Sources */ = {isa = PBXBuildFile; fileRef = FAD3FEF724C86A86008008EC /* EventCell.swift */; };
		FAD3FEFA24C86E5B008008EC /* UiViewConstraintExtension.swift in Sources */ = {isa = PBXBuildFile; fileRef = FAD3FEF924C86E5B008008EC /* UiViewConstraintExtension.swift */; };
/* End PBXBuildFile section */

/* Begin PBXFileReference section */
		FA1029DB24C1A1D000672DB3 /* EventListViewController.swift */ = {isa = PBXFileReference; lastKnownFileType = sourcecode.swift; path = EventListViewController.swift; sourceTree = "<group>"; };
		FA1029DD24C1A5C700672DB3 /* Colors.swift */ = {isa = PBXFileReference; lastKnownFileType = sourcecode.swift; path = Colors.swift; sourceTree = "<group>"; };
		FA80430D249A2D2600D85108 /* Eventlisapp.app */ = {isa = PBXFileReference; explicitFileType = wrapper.application; includeInIndex = 0; path = Eventlisapp.app; sourceTree = BUILT_PRODUCTS_DIR; };
		FA804310249A2D2600D85108 /* AppDelegate.swift */ = {isa = PBXFileReference; lastKnownFileType = sourcecode.swift; path = AppDelegate.swift; sourceTree = "<group>"; };
		FA804312249A2D2600D85108 /* SceneDelegate.swift */ = {isa = PBXFileReference; lastKnownFileType = sourcecode.swift; path = SceneDelegate.swift; sourceTree = "<group>"; };
		FA804314249A2D2600D85108 /* ViewController.swift */ = {isa = PBXFileReference; lastKnownFileType = sourcecode.swift; path = ViewController.swift; sourceTree = "<group>"; };
		FA804317249A2D2600D85108 /* Base */ = {isa = PBXFileReference; lastKnownFileType = file.storyboard; name = Base; path = Base.lproj/Main.storyboard; sourceTree = "<group>"; };
		FA804319249A2D2B00D85108 /* Assets.xcassets */ = {isa = PBXFileReference; lastKnownFileType = folder.assetcatalog; path = Assets.xcassets; sourceTree = "<group>"; };
		FA80431C249A2D2B00D85108 /* Base */ = {isa = PBXFileReference; lastKnownFileType = file.storyboard; name = Base; path = Base.lproj/LaunchScreen.storyboard; sourceTree = "<group>"; };
		FA80431E249A2D2B00D85108 /* Info.plist */ = {isa = PBXFileReference; lastKnownFileType = text.plist.xml; path = Info.plist; sourceTree = "<group>"; };
		FA804324249A2FF600D85108 /* AppCoordinator.swift */ = {isa = PBXFileReference; lastKnownFileType = sourcecode.swift; path = AppCoordinator.swift; sourceTree = "<group>"; };
		FA804326249A39DB00D85108 /* EventListCoordinator.swift */ = {isa = PBXFileReference; lastKnownFileType = sourcecode.swift; path = EventListCoordinator.swift; sourceTree = "<group>"; };
		FA8E29CA24C1C531009CEF21 /* EventListViewModel.swift */ = {isa = PBXFileReference; lastKnownFileType = sourcecode.swift; path = EventListViewModel.swift; sourceTree = "<group>"; };
		FA8E29CC24C1CD10009CEF21 /* AddEventCoordinator.swift */ = {isa = PBXFileReference; lastKnownFileType = sourcecode.swift; path = AddEventCoordinator.swift; sourceTree = "<group>"; };
		FA8E29CE24C1CFC6009CEF21 /* AddEventViewController.swift */ = {isa = PBXFileReference; lastKnownFileType = sourcecode.swift; path = AddEventViewController.swift; sourceTree = "<group>"; };
		FA8E29D024C1D18C009CEF21 /* UiViewControllerExtension.swift */ = {isa = PBXFileReference; lastKnownFileType = sourcecode.swift; path = UiViewControllerExtension.swift; sourceTree = "<group>"; };
		FA8E29D224C1D3A7009CEF21 /* AddEventViewModel.swift */ = {isa = PBXFileReference; lastKnownFileType = sourcecode.swift; path = AddEventViewModel.swift; sourceTree = "<group>"; };
		FA8E29D424C1E656009CEF21 /* TitleSubtitleViewModel.swift */ = {isa = PBXFileReference; lastKnownFileType = sourcecode.swift; path = TitleSubtitleViewModel.swift; sourceTree = "<group>"; };
		FA8E29D724C1E70A009CEF21 /* TitleSubtitleCell.swift */ = {isa = PBXFileReference; lastKnownFileType = sourcecode.swift; path = TitleSubtitleCell.swift; sourceTree = "<group>"; };
		FAA0E9E324C1AF20004EF1FF /* EventsApp.xcdatamodel */ = {isa = PBXFileReference; lastKnownFileType = wrapper.xcdatamodel; path = EventsApp.xcdatamodel; sourceTree = "<group>"; };
		FAA0E9E524C1AFC2004EF1FF /* CoreDataManager.swift */ = {isa = PBXFileReference; lastKnownFileType = sourcecode.swift; path = CoreDataManager.swift; sourceTree = "<group>"; };
		FAD3FEF124C7340C008008EC /* ImagePickerCoordinator.swift */ = {isa = PBXFileReference; lastKnownFileType = sourcecode.swift; path = ImagePickerCoordinator.swift; sourceTree = "<group>"; };
		FAD3FEF324C85121008008EC /* EventsCellBuilder.swift */ = {isa = PBXFileReference; lastKnownFileType = sourcecode.swift; path = EventsCellBuilder.swift; sourceTree = "<group>"; };
		FAD3FEF524C86788008008EC /* EventCellViewModel.swift */ = {isa = PBXFileReference; lastKnownFileType = sourcecode.swift; path = EventCellViewModel.swift; sourceTree = "<group>"; };
		FAD3FEF724C86A86008008EC /* EventCell.swift */ = {isa = PBXFileReference; lastKnownFileType = sourcecode.swift; path = EventCell.swift; sourceTree = "<group>"; };
		FAD3FEF924C86E5B008008EC /* UiViewConstraintExtension.swift */ = {isa = PBXFileReference; lastKnownFileType = sourcecode.swift; path = UiViewConstraintExtension.swift; sourceTree = "<group>"; };
/* End PBXFileReference section */

/* Begin PBXFrameworksBuildPhase section */
		FA80430A249A2D2600D85108 /* Frameworks */ = {
			isa = PBXFrameworksBuildPhase;
			buildActionMask = 2147483647;
			files = (
			);
			runOnlyForDeploymentPostprocessing = 0;
		};
/* End PBXFrameworksBuildPhase section */

/* Begin PBXGroup section */
		FA804304249A2D2600D85108 = {
			isa = PBXGroup;
			children = (
				FA80430F249A2D2600D85108 /* Eventlisapp */,
				FA80430E249A2D2600D85108 /* Products */,
			);
			sourceTree = "<group>";
		};
		FA80430E249A2D2600D85108 /* Products */ = {
			isa = PBXGroup;
			children = (
				FA80430D249A2D2600D85108 /* Eventlisapp.app */,
			);
			name = Products;
			sourceTree = "<group>";
		};
		FA80430F249A2D2600D85108 /* Eventlisapp */ = {
			isa = PBXGroup;
			children = (
				FA8E29D624C1E6D0009CEF21 /* Views */,
				FA8E29C924C1C510009CEF21 /* ViewModels */,
				FAA0E9E124C1AEB6004EF1FF /* Coordinators */,
				FAA0E9DF24C1AE91004EF1FF /* Extensions */,
				FAA0E9E024C1AEA2004EF1FF /* Controllers */,
				FA804310249A2D2600D85108 /* AppDelegate.swift */,
				FA804312249A2D2600D85108 /* SceneDelegate.swift */,
				FA804314249A2D2600D85108 /* ViewController.swift */,
				FA804316249A2D2600D85108 /* Main.storyboard */,
				FA804319249A2D2B00D85108 /* Assets.xcassets */,
				FA80431B249A2D2B00D85108 /* LaunchScreen.storyboard */,
				FA80431E249A2D2B00D85108 /* Info.plist */,
				FAA0E9E224C1AF20004EF1FF /* EventsApp.xcdatamodeld */,
				FAA0E9E524C1AFC2004EF1FF /* CoreDataManager.swift */,
				FAD3FEF324C85121008008EC /* EventsCellBuilder.swift */,
			);
			path = Eventlisapp;
			sourceTree = "<group>";
		};
		FA8E29C924C1C510009CEF21 /* ViewModels */ = {
			isa = PBXGroup;
			children = (
				FA8E29CA24C1C531009CEF21 /* EventListViewModel.swift */,
				FA8E29D224C1D3A7009CEF21 /* AddEventViewModel.swift */,
				FA8E29D424C1E656009CEF21 /* TitleSubtitleViewModel.swift */,
				FAD3FEF524C86788008008EC /* EventCellViewModel.swift */,
			);
			path = ViewModels;
			sourceTree = "<group>";
		};
		FA8E29D624C1E6D0009CEF21 /* Views */ = {
			isa = PBXGroup;
			children = (
				FA8E29D724C1E70A009CEF21 /* TitleSubtitleCell.swift */,
				FAD3FEF724C86A86008008EC /* EventCell.swift */,
			);
			path = Views;
			sourceTree = "<group>";
		};
		FAA0E9DF24C1AE91004EF1FF /* Extensions */ = {
			isa = PBXGroup;
			children = (
				FA1029DD24C1A5C700672DB3 /* Colors.swift */,
				FA8E29D024C1D18C009CEF21 /* UiViewControllerExtension.swift */,
				FAD3FEF924C86E5B008008EC /* UiViewConstraintExtension.swift */,
			);
			path = Extensions;
			sourceTree = "<group>";
		};
		FAA0E9E024C1AEA2004EF1FF /* Controllers */ = {
			isa = PBXGroup;
			children = (
				FA1029DB24C1A1D000672DB3 /* EventListViewController.swift */,
				FA8E29CE24C1CFC6009CEF21 /* AddEventViewController.swift */,
			);
			path = Controllers;
			sourceTree = "<group>";
		};
		FAA0E9E124C1AEB6004EF1FF /* Coordinators */ = {
			isa = PBXGroup;
			children = (
				FA804324249A2FF600D85108 /* AppCoordinator.swift */,
				FA804326249A39DB00D85108 /* EventListCoordinator.swift */,
				FA8E29CC24C1CD10009CEF21 /* AddEventCoordinator.swift */,
				FAD3FEF124C7340C008008EC /* ImagePickerCoordinator.swift */,
			);
			path = Coordinators;
			sourceTree = "<group>";
		};
/* End PBXGroup section */

/* Begin PBXNativeTarget section */
		FA80430C249A2D2600D85108 /* Eventlisapp */ = {
			isa = PBXNativeTarget;
			buildConfigurationList = FA804321249A2D2B00D85108 /* Build configuration list for PBXNativeTarget "Eventlisapp" */;
			buildPhases = (
				FA804309249A2D2600D85108 /* Sources */,
				FA80430A249A2D2600D85108 /* Frameworks */,
				FA80430B249A2D2600D85108 /* Resources */,
			);
			buildRules = (
			);
			dependencies = (
			);
			name = Eventlisapp;
			productName = Eventlisapp;
			productReference = FA80430D249A2D2600D85108 /* Eventlisapp.app */;
			productType = "com.apple.product-type.application";
		};
/* End PBXNativeTarget section */

/* Begin PBXProject section */
		FA804305249A2D2600D85108 /* Project object */ = {
			isa = PBXProject;
			attributes = {
				LastSwiftUpdateCheck = 1140;
				LastUpgradeCheck = 1140;
				ORGANIZATIONNAME = Mint;
				TargetAttributes = {
					FA80430C249A2D2600D85108 = {
						CreatedOnToolsVersion = 11.4;
					};
				};
			};
			buildConfigurationList = FA804308249A2D2600D85108 /* Build configuration list for PBXProject "Eventlisapp" */;
			compatibilityVersion = "Xcode 9.3";
			developmentRegion = en;
			hasScannedForEncodings = 0;
			knownRegions = (
				en,
				Base,
			);
			mainGroup = FA804304249A2D2600D85108;
			productRefGroup = FA80430E249A2D2600D85108 /* Products */;
			projectDirPath = "";
			projectRoot = "";
			targets = (
				FA80430C249A2D2600D85108 /* Eventlisapp */,
			);
		};
/* End PBXProject section */

/* Begin PBXResourcesBuildPhase section */
		FA80430B249A2D2600D85108 /* Resources */ = {
			isa = PBXResourcesBuildPhase;
			buildActionMask = 2147483647;
			files = (
				FA80431D249A2D2B00D85108 /* LaunchScreen.storyboard in Resources */,
				FA80431A249A2D2B00D85108 /* Assets.xcassets in Resources */,
				FA804318249A2D2600D85108 /* Main.storyboard in Resources */,
			);
			runOnlyForDeploymentPostprocessing = 0;
		};
/* End PBXResourcesBuildPhase section */

/* Begin PBXSourcesBuildPhase section */
		FA804309249A2D2600D85108 /* Sources */ = {
			isa = PBXSourcesBuildPhase;
			buildActionMask = 2147483647;
			files = (
				FA8E29D824C1E70A009CEF21 /* TitleSubtitleCell.swift in Sources */,
				FA804325249A2FF600D85108 /* AppCoordinator.swift in Sources */,
				FA8E29CF24C1CFC6009CEF21 /* AddEventViewController.swift in Sources */,
				FA1029DC24C1A1D000672DB3 /* EventListViewController.swift in Sources */,
				FAD3FEFA24C86E5B008008EC /* UiViewConstraintExtension.swift in Sources */,
				FA8E29D124C1D18C009CEF21 /* UiViewControllerExtension.swift in Sources */,
				FA804315249A2D2600D85108 /* ViewController.swift in Sources */,
				FA1029DE24C1A5C700672DB3 /* Colors.swift in Sources */,
				FAA0E9E424C1AF20004EF1FF /* EventsApp.xcdatamodeld in Sources */,
				FAD3FEF624C86788008008EC /* EventCellViewModel.swift in Sources */,
				FAD3FEF224C7340C008008EC /* ImagePickerCoordinator.swift in Sources */,
				FA804311249A2D2600D85108 /* AppDelegate.swift in Sources */,
				FAA0E9E624C1AFC2004EF1FF /* CoreDataManager.swift in Sources */,
				FAD3FEF824C86A86008008EC /* EventCell.swift in Sources */,
				FA8E29CB24C1C531009CEF21 /* EventListViewModel.swift in Sources */,
				FA8E29D524C1E656009CEF21 /* TitleSubtitleViewModel.swift in Sources */,
				FA804313249A2D2600D85108 /* SceneDelegate.swift in Sources */,
				FA8E29CD24C1CD10009CEF21 /* AddEventCoordinator.swift in Sources */,
				FA804327249A39DB00D85108 /* EventListCoordinator.swift in Sources */,
				FAD3FEF424C85121008008EC /* EventsCellBuilder.swift in Sources */,
				FA8E29D324C1D3A7009CEF21 /* AddEventViewModel.swift in Sources */,
			);
			runOnlyForDeploymentPostprocessing = 0;
		};
/* End PBXSourcesBuildPhase section */

/* Begin PBXVariantGroup section */
		FA804316249A2D2600D85108 /* Main.storyboard */ = {
			isa = PBXVariantGroup;
			children = (
				FA804317249A2D2600D85108 /* Base */,
			);
			name = Main.storyboard;
			sourceTree = "<group>";
		};
		FA80431B249A2D2B00D85108 /* LaunchScreen.storyboard */ = {
			isa = PBXVariantGroup;
			children = (
				FA80431C249A2D2B00D85108 /* Base */,
			);
			name = LaunchScreen.storyboard;
			sourceTree = "<group>";
		};
/* End PBXVariantGroup section */

/* Begin XCBuildConfiguration section */
		FA80431F249A2D2B00D85108 /* Debug */ = {
			isa = XCBuildConfiguration;
			buildSettings = {
				ALWAYS_SEARCH_USER_PATHS = NO;
				CLANG_ANALYZER_NONNULL = YES;
				CLANG_ANALYZER_NUMBER_OBJECT_CONVERSION = YES_AGGRESSIVE;
				CLANG_CXX_LANGUAGE_STANDARD = "gnu++14";
				CLANG_CXX_LIBRARY = "libc++";
				CLANG_ENABLE_MODULES = YES;
				CLANG_ENABLE_OBJC_ARC = YES;
				CLANG_ENABLE_OBJC_WEAK = YES;
				CLANG_WARN_BLOCK_CAPTURE_AUTORELEASING = YES;
				CLANG_WARN_BOOL_CONVERSION = YES;
				CLANG_WARN_COMMA = YES;
				CLANG_WARN_CONSTANT_CONVERSION = YES;
				CLANG_WARN_DEPRECATED_OBJC_IMPLEMENTATIONS = YES;
				CLANG_WARN_DIRECT_OBJC_ISA_USAGE = YES_ERROR;
				CLANG_WARN_DOCUMENTATION_COMMENTS = YES;
				CLANG_WARN_EMPTY_BODY = YES;
				CLANG_WARN_ENUM_CONVERSION = YES;
				CLANG_WARN_INFINITE_RECURSION = YES;
				CLANG_WARN_INT_CONVERSION = YES;
				CLANG_WARN_NON_LITERAL_NULL_CONVERSION = YES;
				CLANG_WARN_OBJC_IMPLICIT_RETAIN_SELF = YES;
				CLANG_WARN_OBJC_LITERAL_CONVERSION = YES;
				CLANG_WARN_OBJC_ROOT_CLASS = YES_ERROR;
				CLANG_WARN_RANGE_LOOP_ANALYSIS = YES;
				CLANG_WARN_STRICT_PROTOTYPES = YES;
				CLANG_WARN_SUSPICIOUS_MOVE = YES;
				CLANG_WARN_UNGUARDED_AVAILABILITY = YES_AGGRESSIVE;
				CLANG_WARN_UNREACHABLE_CODE = YES;
				CLANG_WARN__DUPLICATE_METHOD_MATCH = YES;
				COPY_PHASE_STRIP = NO;
				DEBUG_INFORMATION_FORMAT = dwarf;
				ENABLE_STRICT_OBJC_MSGSEND = YES;
				ENABLE_TESTABILITY = YES;
				GCC_C_LANGUAGE_STANDARD = gnu11;
				GCC_DYNAMIC_NO_PIC = NO;
				GCC_NO_COMMON_BLOCKS = YES;
				GCC_OPTIMIZATION_LEVEL = 0;
				GCC_PREPROCESSOR_DEFINITIONS = (
					"DEBUG=1",
					"$(inherited)",
				);
				GCC_WARN_64_TO_32_BIT_CONVERSION = YES;
				GCC_WARN_ABOUT_RETURN_TYPE = YES_ERROR;
				GCC_WARN_UNDECLARED_SELECTOR = YES;
				GCC_WARN_UNINITIALIZED_AUTOS = YES_AGGRESSIVE;
				GCC_WARN_UNUSED_FUNCTION = YES;
				GCC_WARN_UNUSED_VARIABLE = YES;
				IPHONEOS_DEPLOYMENT_TARGET = 13.4;
				MTL_ENABLE_DEBUG_INFO = INCLUDE_SOURCE;
				MTL_FAST_MATH = YES;
				ONLY_ACTIVE_ARCH = YES;
				SDKROOT = iphoneos;
				SWIFT_ACTIVE_COMPILATION_CONDITIONS = DEBUG;
				SWIFT_OPTIMIZATION_LEVEL = "-Onone";
			};
			name = Debug;
		};
		FA804320249A2D2B00D85108 /* Release */ = {
			isa = XCBuildConfiguration;
			buildSettings = {
				ALWAYS_SEARCH_USER_PATHS = NO;
				CLANG_ANALYZER_NONNULL = YES;
				CLANG_ANALYZER_NUMBER_OBJECT_CONVERSION = YES_AGGRESSIVE;
				CLANG_CXX_LANGUAGE_STANDARD = "gnu++14";
				CLANG_CXX_LIBRARY = "libc++";
				CLANG_ENABLE_MODULES = YES;
				CLANG_ENABLE_OBJC_ARC = YES;
				CLANG_ENABLE_OBJC_WEAK = YES;
				CLANG_WARN_BLOCK_CAPTURE_AUTORELEASING = YES;
				CLANG_WARN_BOOL_CONVERSION = YES;
				CLANG_WARN_COMMA = YES;
				CLANG_WARN_CONSTANT_CONVERSION = YES;
				CLANG_WARN_DEPRECATED_OBJC_IMPLEMENTATIONS = YES;
				CLANG_WARN_DIRECT_OBJC_ISA_USAGE = YES_ERROR;
				CLANG_WARN_DOCUMENTATION_COMMENTS = YES;
				CLANG_WARN_EMPTY_BODY = YES;
				CLANG_WARN_ENUM_CONVERSION = YES;
				CLANG_WARN_INFINITE_RECURSION = YES;
				CLANG_WARN_INT_CONVERSION = YES;
				CLANG_WARN_NON_LITERAL_NULL_CONVERSION = YES;
				CLANG_WARN_OBJC_IMPLICIT_RETAIN_SELF = YES;
				CLANG_WARN_OBJC_LITERAL_CONVERSION = YES;
				CLANG_WARN_OBJC_ROOT_CLASS = YES_ERROR;
				CLANG_WARN_RANGE_LOOP_ANALYSIS = YES;
				CLANG_WARN_STRICT_PROTOTYPES = YES;
				CLANG_WARN_SUSPICIOUS_MOVE = YES;
				CLANG_WARN_UNGUARDED_AVAILABILITY = YES_AGGRESSIVE;
				CLANG_WARN_UNREACHABLE_CODE = YES;
				CLANG_WARN__DUPLICATE_METHOD_MATCH = YES;
				COPY_PHASE_STRIP = NO;
				DEBUG_INFORMATION_FORMAT = "dwarf-with-dsym";
				ENABLE_NS_ASSERTIONS = NO;
				ENABLE_STRICT_OBJC_MSGSEND = YES;
				GCC_C_LANGUAGE_STANDARD = gnu11;
				GCC_NO_COMMON_BLOCKS = YES;
				GCC_WARN_64_TO_32_BIT_CONVERSION = YES;
				GCC_WARN_ABOUT_RETURN_TYPE = YES_ERROR;
				GCC_WARN_UNDECLARED_SELECTOR = YES;
				GCC_WARN_UNINITIALIZED_AUTOS = YES_AGGRESSIVE;
				GCC_WARN_UNUSED_FUNCTION = YES;
				GCC_WARN_UNUSED_VARIABLE = YES;
				IPHONEOS_DEPLOYMENT_TARGET = 13.4;
				MTL_ENABLE_DEBUG_INFO = NO;
				MTL_FAST_MATH = YES;
				SDKROOT = iphoneos;
				SWIFT_COMPILATION_MODE = wholemodule;
				SWIFT_OPTIMIZATION_LEVEL = "-O";
				VALIDATE_PRODUCT = YES;
			};
			name = Release;
		};
		FA804322249A2D2B00D85108 /* Debug */ = {
			isa = XCBuildConfiguration;
			buildSettings = {
				ASSETCATALOG_COMPILER_APPICON_NAME = AppIcon;
				CODE_SIGN_STYLE = Automatic;
				DEVELOPMENT_TEAM = D6Q3434NTJ;
				INFOPLIST_FILE = Eventlisapp/Info.plist;
				LD_RUNPATH_SEARCH_PATHS = (
					"$(inherited)",
					"@executable_path/Frameworks",
				);
				PRODUCT_BUNDLE_IDENTIFIER = Mint.Eventlisapp;
				PRODUCT_NAME = "$(TARGET_NAME)";
				SWIFT_VERSION = 5.0;
				TARGETED_DEVICE_FAMILY = "1,2";
			};
			name = Debug;
		};
		FA804323249A2D2B00D85108 /* Release */ = {
			isa = XCBuildConfiguration;
			buildSettings = {
				ASSETCATALOG_COMPILER_APPICON_NAME = AppIcon;
				CODE_SIGN_STYLE = Automatic;
				DEVELOPMENT_TEAM = D6Q3434NTJ;
				INFOPLIST_FILE = Eventlisapp/Info.plist;
				LD_RUNPATH_SEARCH_PATHS = (
					"$(inherited)",
					"@executable_path/Frameworks",
				);
				PRODUCT_BUNDLE_IDENTIFIER = Mint.Eventlisapp;
				PRODUCT_NAME = "$(TARGET_NAME)";
				SWIFT_VERSION = 5.0;
				TARGETED_DEVICE_FAMILY = "1,2";
			};
			name = Release;
		};
/* End XCBuildConfiguration section */

/* Begin XCConfigurationList section */
		FA804308249A2D2600D85108 /* Build configuration list for PBXProject "Eventlisapp" */ = {
			isa = XCConfigurationList;
			buildConfigurations = (
				FA80431F249A2D2B00D85108 /* Debug */,
				FA804320249A2D2B00D85108 /* Release */,
			);
			defaultConfigurationIsVisible = 0;
			defaultConfigurationName = Release;
		};
		FA804321249A2D2B00D85108 /* Build configuration list for PBXNativeTarget "Eventlisapp" */ = {
			isa = XCConfigurationList;
			buildConfigurations = (
				FA804322249A2D2B00D85108 /* Debug */,
				FA804323249A2D2B00D85108 /* Release */,
			);
			defaultConfigurationIsVisible = 0;
			defaultConfigurationName = Release;
		};
/* End XCConfigurationList section */

/* Begin XCVersionGroup section */
		FAA0E9E224C1AF20004EF1FF /* EventsApp.xcdatamodeld */ = {
			isa = XCVersionGroup;
			children = (
				FAA0E9E324C1AF20004EF1FF /* EventsApp.xcdatamodel */,
			);
			currentVersion = FAA0E9E324C1AF20004EF1FF /* EventsApp.xcdatamodel */;
			path = EventsApp.xcdatamodeld;
			sourceTree = "<group>";
			versionGroupType = wrapper.xcdatamodel;
		};
/* End XCVersionGroup section */
	};
	rootObject = FA804305249A2D2600D85108 /* Project object */;
}
